// !$*UTF8*$!
{
	archiveVersion = 1;
	classes = {
	};
	objectVersion = 50;
	objects = {

/* Begin PBXBuildFile section */
		8D36543824AD89CF00C3F5C9 /* AppDelegate.swift in Sources */ = {isa = PBXBuildFile; fileRef = 8D36543724AD89CF00C3F5C9 /* AppDelegate.swift */; };
		8D36543A24AD89CF00C3F5C9 /* SceneDelegate.swift in Sources */ = {isa = PBXBuildFile; fileRef = 8D36543924AD89CF00C3F5C9 /* SceneDelegate.swift */; };
		8D36543C24AD89CF00C3F5C9 /* ViewController.swift in Sources */ = {isa = PBXBuildFile; fileRef = 8D36543B24AD89CF00C3F5C9 /* ViewController.swift */; };
		8D36543F24AD89CF00C3F5C9 /* Main.storyboard in Resources */ = {isa = PBXBuildFile; fileRef = 8D36543D24AD89CF00C3F5C9 /* Main.storyboard */; };
		8D36544124AD89D000C3F5C9 /* Assets.xcassets in Resources */ = {isa = PBXBuildFile; fileRef = 8D36544024AD89D000C3F5C9 /* Assets.xcassets */; };
		8D36544424AD89D000C3F5C9 /* LaunchScreen.storyboard in Resources */ = {isa = PBXBuildFile; fileRef = 8D36544224AD89D000C3F5C9 /* LaunchScreen.storyboard */; };
		8D36544C24AD8DCF00C3F5C9 /* ProfileHeader.swift in Sources */ = {isa = PBXBuildFile; fileRef = 8D36544B24AD8DCF00C3F5C9 /* ProfileHeader.swift */; };
		8D36544E24AD9C2300C3F5C9 /* ProfileCell.swift in Sources */ = {isa = PBXBuildFile; fileRef = 8D36544D24AD9C2300C3F5C9 /* ProfileCell.swift */; };
/* End PBXBuildFile section */

/* Begin PBXFileReference section */
		8D36543424AD89CF00C3F5C9 /* CollectionViewProgrammatically.app */ = {isa = PBXFileReference; explicitFileType = wrapper.application; includeInIndex = 0; path = CollectionViewProgrammatically.app; sourceTree = BUILT_PRODUCTS_DIR; };
		8D36543724AD89CF00C3F5C9 /* AppDelegate.swift */ = {isa = PBXFileReference; lastKnownFileType = sourcecode.swift; path = AppDelegate.swift; sourceTree = "<group>"; };
		8D36543924AD89CF00C3F5C9 /* SceneDelegate.swift */ = {isa = PBXFileReference; lastKnownFileType = sourcecode.swift; path = SceneDelegate.swift; sourceTree = "<group>"; };
		8D36543B24AD89CF00C3F5C9 /* ViewController.swift */ = {isa = PBXFileReference; lastKnownFileType = sourcecode.swift; path = ViewController.swift; sourceTree = "<group>"; };
		8D36543E24AD89CF00C3F5C9 /* Base */ = {isa = PBXFileReference; lastKnownFileType = file.storyboard; name = Base; path = Base.lproj/Main.storyboard; sourceTree = "<group>"; };
		8D36544024AD89D000C3F5C9 /* Assets.xcassets */ = {isa = PBXFileReference; lastKnownFileType = folder.assetcatalog; path = Assets.xcassets; sourceTree = "<group>"; };
		8D36544324AD89D000C3F5C9 /* Base */ = {isa = PBXFileReference; lastKnownFileType = file.storyboard; name = Base; path = Base.lproj/LaunchScreen.storyboard; sourceTree = "<group>"; };
		8D36544524AD89D000C3F5C9 /* Info.plist */ = {isa = PBXFileReference; lastKnownFileType = text.plist.xml; path = Info.plist; sourceTree = "<group>"; };
		8D36544B24AD8DCF00C3F5C9 /* ProfileHeader.swift */ = {isa = PBXFileReference; lastKnownFileType = sourcecode.swift; path = ProfileHeader.swift; sourceTree = "<group>"; };
		8D36544D24AD9C2300C3F5C9 /* ProfileCell.swift */ = {isa = PBXFileReference; lastKnownFileType = sourcecode.swift; path = ProfileCell.swift; sourceTree = "<group>"; };
/* End PBXFileReference section */

/* Begin PBXFrameworksBuildPhase section */
		8D36543124AD89CF00C3F5C9 /* Frameworks */ = {
			isa = PBXFrameworksBuildPhase;
			buildActionMask = 2147483647;
			files = (
			);
			runOnlyForDeploymentPostprocessing = 0;
		};
/* End PBXFrameworksBuildPhase section */

/* Begin PBXGroup section */
		8D36542B24AD89CF00C3F5C9 = {
			isa = PBXGroup;
			children = (
				8D36543624AD89CF00C3F5C9 /* CollectionViewProgrammatically */,
				8D36543524AD89CF00C3F5C9 /* Products */,
			);
			sourceTree = "<group>";
		};
		8D36543524AD89CF00C3F5C9 /* Products */ = {
			isa = PBXGroup;
			children = (
				8D36543424AD89CF00C3F5C9 /* CollectionViewProgrammatically.app */,
			);
			name = Products;
			sourceTree = "<group>";
		};
		8D36543624AD89CF00C3F5C9 /* CollectionViewProgrammatically */ = {
			isa = PBXGroup;
			children = (
				8D36543724AD89CF00C3F5C9 /* AppDelegate.swift */,
				8D36543924AD89CF00C3F5C9 /* SceneDelegate.swift */,
				8D36543B24AD89CF00C3F5C9 /* ViewController.swift */,
				8D36543D24AD89CF00C3F5C9 /* Main.storyboard */,
				8D36544024AD89D000C3F5C9 /* Assets.xcassets */,
				8D36544224AD89D000C3F5C9 /* LaunchScreen.storyboard */,
				8D36544524AD89D000C3F5C9 /* Info.plist */,
				8D36544B24AD8DCF00C3F5C9 /* ProfileHeader.swift */,
				8D36544D24AD9C2300C3F5C9 /* ProfileCell.swift */,
			);
			path = CollectionViewProgrammatically;
			sourceTree = "<group>";
		};
/* End PBXGroup section */

/* Begin PBXNativeTarget section */
		8D36543324AD89CF00C3F5C9 /* CollectionViewProgrammatically */ = {
			isa = PBXNativeTarget;
			buildConfigurationList = 8D36544824AD89D000C3F5C9 /* Build configuration list for PBXNativeTarget "CollectionViewProgrammatically" */;
			buildPhases = (
				8D36543024AD89CF00C3F5C9 /* Sources */,
				8D36543124AD89CF00C3F5C9 /* Frameworks */,
				8D36543224AD89CF00C3F5C9 /* Resources */,
			);
			buildRules = (
			);
			dependencies = (
			);
			name = CollectionViewProgrammatically;
			productName = CollectionViewProgrammatically;
			productReference = 8D36543424AD89CF00C3F5C9 /* CollectionViewProgrammatically.app */;
			productType = "com.apple.product-type.application";
		};
/* End PBXNativeTarget section */

/* Begin PBXProject section */
		8D36542C24AD89CF00C3F5C9 /* Project object */ = {
			isa = PBXProject;
			attributes = {
				LastSwiftUpdateCheck = 1150;
				LastUpgradeCheck = 1150;
				ORGANIZATIONNAME = "Hao Lam";
				TargetAttributes = {
					8D36543324AD89CF00C3F5C9 = {
						CreatedOnToolsVersion = 11.5;
					};
				};
			};
			buildConfigurationList = 8D36542F24AD89CF00C3F5C9 /* Build configuration list for PBXProject "CollectionViewProgrammatically" */;
			compatibilityVersion = "Xcode 9.3";
			developmentRegion = en;
			hasScannedForEncodings = 0;
			knownRegions = (
				en,
				Base,
			);
			mainGroup = 8D36542B24AD89CF00C3F5C9;
			productRefGroup = 8D36543524AD89CF00C3F5C9 /* Products */;
			projectDirPath = "";
			projectRoot = "";
			targets = (
				8D36543324AD89CF00C3F5C9 /* CollectionViewProgrammatically */,
			);
		};
/* End PBXProject section */

/* Begin PBXResourcesBuildPhase section */
		8D36543224AD89CF00C3F5C9 /* Resources */ = {
			isa = PBXResourcesBuildPhase;
			buildActionMask = 2147483647;
			files = (
				8D36544424AD89D000C3F5C9 /* LaunchScreen.storyboard in Resources */,
				8D36544124AD89D000C3F5C9 /* Assets.xcassets in Resources */,
				8D36543F24AD89CF00C3F5C9 /* Main.storyboard in Resources */,
			);
			runOnlyForDeploymentPostprocessing = 0;
		};
/* End PBXResourcesBuildPhase section */

/* Begin PBXSourcesBuildPhase section */
		8D36543024AD89CF00C3F5C9 /* Sources */ = {
			isa = PBXSourcesBuildPhase;
			buildActionMask = 2147483647;
			files = (
				8D36544C24AD8DCF00C3F5C9 /* ProfileHeader.swift in Sources */,
				8D36543C24AD89CF00C3F5C9 /* ViewController.swift in Sources */,
				8D36543824AD89CF00C3F5C9 /* AppDelegate.swift in Sources */,
				8D36543A24AD89CF00C3F5C9 /* SceneDelegate.swift in Sources */,
				8D36544E24AD9C2300C3F5C9 /* ProfileCell.swift in Sources */,
			);
			runOnlyForDeploymentPostprocessing = 0;
		};
/* End PBXSourcesBuildPhase section */

/* Begin PBXVariantGroup section */
		8D36543D24AD89CF00C3F5C9 /* Main.storyboard */ = {
			isa = PBXVariantGroup;
			children = (
				8D36543E24AD89CF00C3F5C9 /* Base */,
			);
			name = Main.storyboard;
			sourceTree = "<group>";
		};
		8D36544224AD89D000C3F5C9 /* LaunchScreen.storyboard */ = {
			isa = PBXVariantGroup;
			children = (
				8D36544324AD89D000C3F5C9 /* Base */,
			);
			name = LaunchScreen.storyboard;
			sourceTree = "<group>";
		};
/* End PBXVariantGroup section */

/* Begin XCBuildConfiguration section */
		8D36544624AD89D000C3F5C9 /* Debug */ = {
			isa = XCBuildConfiguration;
			buildSettings = {
				ALWAYS_SEARCH_USER_PATHS = NO;
				CLANG_ANALYZER_NONNULL = YES;
				CLANG_ANALYZER_NUMBER_OBJECT_CONVERSION = YES_AGGRESSIVE;
				CLANG_CXX_LANGUAGE_STANDARD = "gnu++14";
				CLANG_CXX_LIBRARY = "libc++";
				CLANG_ENABLE_MODULES = YES;
				CLANG_ENABLE_OBJC_ARC = YES;
				CLANG_ENABLE_OBJC_WEAK = YES;
				CLANG_WARN_BLOCK_CAPTURE_AUTORELEASING = YES;
				CLANG_WARN_BOOL_CONVERSION = YES;
				CLANG_WARN_COMMA = YES;
				CLANG_WARN_CONSTANT_CONVERSION = YES;
				CLANG_WARN_DEPRECATED_OBJC_IMPLEMENTATIONS = YES;
				CLANG_WARN_DIRECT_OBJC_ISA_USAGE = YES_ERROR;
				CLANG_WARN_DOCUMENTATION_COMMENTS = YES;
				CLANG_WARN_EMPTY_BODY = YES;
				CLANG_WARN_ENUM_CONVERSION = YES;
				CLANG_WARN_INFINITE_RECURSION = YES;
				CLANG_WARN_INT_CONVERSION = YES;
				CLANG_WARN_NON_LITERAL_NULL_CONVERSION = YES;
				CLANG_WARN_OBJC_IMPLICIT_RETAIN_SELF = YES;
				CLANG_WARN_OBJC_LITERAL_CONVERSION = YES;
				CLANG_WARN_OBJC_ROOT_CLASS = YES_ERROR;
				CLANG_WARN_RANGE_LOOP_ANALYSIS = YES;
				CLANG_WARN_STRICT_PROTOTYPES = YES;
				CLANG_WARN_SUSPICIOUS_MOVE = YES;
				CLANG_WARN_UNGUARDED_AVAILABILITY = YES_AGGRESSIVE;
				CLANG_WARN_UNREACHABLE_CODE = YES;
				CLANG_WARN__DUPLICATE_METHOD_MATCH = YES;
				COPY_PHASE_STRIP = NO;
				DEBUG_INFORMATION_FORMAT = dwarf;
				ENABLE_STRICT_OBJC_MSGSEND = YES;
				ENABLE_TESTABILITY = YES;
				GCC_C_LANGUAGE_STANDARD = gnu11;
				GCC_DYNAMIC_NO_PIC = NO;
				GCC_NO_COMMON_BLOCKS = YES;
				GCC_OPTIMIZATION_LEVEL = 0;
				GCC_PREPROCESSOR_DEFINITIONS = (
					"DEBUG=1",
					"$(inherited)",
				);
				GCC_WARN_64_TO_32_BIT_CONVERSION = YES;
				GCC_WARN_ABOUT_RETURN_TYPE = YES_ERROR;
				GCC_WARN_UNDECLARED_SELECTOR = YES;
				GCC_WARN_UNINITIALIZED_AUTOS = YES_AGGRESSIVE;
				GCC_WARN_UNUSED_FUNCTION = YES;
				GCC_WARN_UNUSED_VARIABLE = YES;
				IPHONEOS_DEPLOYMENT_TARGET = 13.5;
				MTL_ENABLE_DEBUG_INFO = INCLUDE_SOURCE;
				MTL_FAST_MATH = YES;
				ONLY_ACTIVE_ARCH = YES;
				SDKROOT = iphoneos;
				SWIFT_ACTIVE_COMPILATION_CONDITIONS = DEBUG;
				SWIFT_OPTIMIZATION_LEVEL = "-Onone";
			};
			name = Debug;
		};
		8D36544724AD89D000C3F5C9 /* Release */ = {
			isa = XCBuildConfiguration;
			buildSettings = {
				ALWAYS_SEARCH_USER_PATHS = NO;
				CLANG_ANALYZER_NONNULL = YES;
				CLANG_ANALYZER_NUMBER_OBJECT_CONVERSION = YES_AGGRESSIVE;
				CLANG_CXX_LANGUAGE_STANDARD = "gnu++14";
				CLANG_CXX_LIBRARY = "libc++";
				CLANG_ENABLE_MODULES = YES;
				CLANG_ENABLE_OBJC_ARC = YES;
				CLANG_ENABLE_OBJC_WEAK = YES;
				CLANG_WARN_BLOCK_CAPTURE_AUTORELEASING = YES;
				CLANG_WARN_BOOL_CONVERSION = YES;
				CLANG_WARN_COMMA = YES;
				CLANG_WARN_CONSTANT_CONVERSION = YES;
				CLANG_WARN_DEPRECATED_OBJC_IMPLEMENTATIONS = YES;
				CLANG_WARN_DIRECT_OBJC_ISA_USAGE = YES_ERROR;
				CLANG_WARN_DOCUMENTATION_COMMENTS = YES;
				CLANG_WARN_EMPTY_BODY = YES;
				CLANG_WARN_ENUM_CONVERSION = YES;
				CLANG_WARN_INFINITE_RECURSION = YES;
				CLANG_WARN_INT_CONVERSION = YES;
				CLANG_WARN_NON_LITERAL_NULL_CONVERSION = YES;
				CLANG_WARN_OBJC_IMPLICIT_RETAIN_SELF = YES;
				CLANG_WARN_OBJC_LITERAL_CONVERSION = YES;
				CLANG_WARN_OBJC_ROOT_CLASS = YES_ERROR;
				CLANG_WARN_RANGE_LOOP_ANALYSIS = YES;
				CLANG_WARN_STRICT_PROTOTYPES = YES;
				CLANG_WARN_SUSPICIOUS_MOVE = YES;
				CLANG_WARN_UNGUARDED_AVAILABILITY = YES_AGGRESSIVE;
				CLANG_WARN_UNREACHABLE_CODE = YES;
				CLANG_WARN__DUPLICATE_METHOD_MATCH = YES;
				COPY_PHASE_STRIP = NO;
				DEBUG_INFORMATION_FORMAT = "dwarf-with-dsym";
				ENABLE_NS_ASSERTIONS = NO;
				ENABLE_STRICT_OBJC_MSGSEND = YES;
				GCC_C_LANGUAGE_STANDARD = gnu11;
				GCC_NO_COMMON_BLOCKS = YES;
				GCC_WARN_64_TO_32_BIT_CONVERSION = YES;
				GCC_WARN_ABOUT_RETURN_TYPE = YES_ERROR;
				GCC_WARN_UNDECLARED_SELECTOR = YES;
				GCC_WARN_UNINITIALIZED_AUTOS = YES_AGGRESSIVE;
				GCC_WARN_UNUSED_FUNCTION = YES;
				GCC_WARN_UNUSED_VARIABLE = YES;
				IPHONEOS_DEPLOYMENT_TARGET = 13.5;
				MTL_ENABLE_DEBUG_INFO = NO;
				MTL_FAST_MATH = YES;
				SDKROOT = iphoneos;
				SWIFT_COMPILATION_MODE = wholemodule;
				SWIFT_OPTIMIZATION_LEVEL = "-O";
				VALIDATE_PRODUCT = YES;
			};
			name = Release;
		};
		8D36544924AD89D000C3F5C9 /* Debug */ = {
			isa = XCBuildConfiguration;
			buildSettings = {
				ASSETCATALOG_COMPILER_APPICON_NAME = AppIcon;
				CODE_SIGN_STYLE = Automatic;
				DEVELOPMENT_TEAM = RX5U58PQ6D;
				INFOPLIST_FILE = CollectionViewProgrammatically/Info.plist;
				LD_RUNPATH_SEARCH_PATHS = (
					"$(inherited)",
					"@executable_path/Frameworks",
				);
				PRODUCT_BUNDLE_IDENTIFIER = com.haolam.CollectionViewProgrammatically;
				PRODUCT_NAME = "$(TARGET_NAME)";
				SWIFT_VERSION = 5.0;
				TARGETED_DEVICE_FAMILY = "1,2";
			};
			name = Debug;
		};
		8D36544A24AD89D000C3F5C9 /* Release */ = {
			isa = XCBuildConfiguration;
			buildSettings = {
				ASSETCATALOG_COMPILER_APPICON_NAME = AppIcon;
				CODE_SIGN_STYLE = Automatic;
				DEVELOPMENT_TEAM = RX5U58PQ6D;
				INFOPLIST_FILE = CollectionViewProgrammatically/Info.plist;
				LD_RUNPATH_SEARCH_PATHS = (
					"$(inherited)",
					"@executable_path/Frameworks",
				);
				PRODUCT_BUNDLE_IDENTIFIER = com.haolam.CollectionViewProgrammatically;
				PRODUCT_NAME = "$(TARGET_NAME)";
				SWIFT_VERSION = 5.0;
				TARGETED_DEVICE_FAMILY = "1,2";
			};
			name = Release;
		};
/* End XCBuildConfiguration section */

/* Begin XCConfigurationList section */
		8D36542F24AD89CF00C3F5C9 /* Build configuration list for PBXProject "CollectionViewProgrammatically" */ = {
			isa = XCConfigurationList;
			buildConfigurations = (
				8D36544624AD89D000C3F5C9 /* Debug */,
				8D36544724AD89D000C3F5C9 /* Release */,
			);
			defaultConfigurationIsVisible = 0;
			defaultConfigurationName = Release;
		};
		8D36544824AD89D000C3F5C9 /* Build configuration list for PBXNativeTarget "CollectionViewProgrammatically" */ = {
			isa = XCConfigurationList;
			buildConfigurations = (
				8D36544924AD89D000C3F5C9 /* Debug */,
				8D36544A24AD89D000C3F5C9 /* Release */,
			);
			defaultConfigurationIsVisible = 0;
			defaultConfigurationName = Release;
		};
/* End XCConfigurationList section */
	};
	rootObject = 8D36542C24AD89CF00C3F5C9 /* Project object */;
}
